
Microsoft Visual Studio Solution File, Format Version 12.00
# Visual Studio Version 17
VisualStudioVersion = 17.2.32630.192
MinimumVisualStudioVersion = 10.0.40219.1
Project("{FAE04EC0-301F-11D3-BF4B-00C04F79EFBC}") = "Student_Grade", "Student_Grade.csproj", "{FDD003B3-EBAC-4511-A803-49DDF16A7944}"
EndProject
Global
	GlobalSection(SolutionConfigurationPlatforms) = preSolution
		Debug|Any CPU = Debug|Any CPU
		Release|Any CPU = Release|Any CPU
	EndGlobalSection
	GlobalSection(ProjectConfigurationPlatforms) = postSolution
		{FDD003B3-EBAC-4511-A803-49DDF16A7944}.Debug|Any CPU.ActiveCfg = Debug|Any CPU
		{FDD003B3-EBAC-4511-A803-49DDF16A7944}.Debug|Any CPU.Build.0 = Debug|Any CPU
		{FDD003B3-EBAC-4511-A803-49DDF16A7944}.Release|Any CPU.ActiveCfg = Release|Any CPU
		{FDD003B3-EBAC-4511-A803-49DDF16A7944}.Release|Any CPU.Build.0 = Release|Any CPU
	EndGlobalSection
	GlobalSection(SolutionProperties) = preSolution
		HideSolutionNode = FALSE
	EndGlobalSection
	GlobalSection(ExtensibilityGlobals) = postSolution
		SolutionGuid = {B8B151B7-352C-42D8-8033-5DB97DC7BADC}
	EndGlobalSection
EndGlobal
